
Microsoft Visual Studio Solution File, Format Version 12.00
# Visual Studio Version 17
VisualStudioVersion = 17.7.34031.279
MinimumVisualStudioVersion = 10.0.40219.1
Project("{FAE04EC0-301F-11D3-BF4B-00C04F79EFBC}") = "WindowsFormsApp1", "WindowsFormsApp1\WindowsFormsApp1.csproj", "{51E3A797-BB26-41B4-B7A7-BE07BD2AF907}"
EndProject
Global
	GlobalSection(SolutionConfigurationPlatforms) = preSolution
		Debug|Any CPU = Debug|Any CPU
		Release|Any CPU = Release|Any CPU
	EndGlobalSection
	GlobalSection(ProjectConfigurationPlatforms) = postSolution
		{51E3A797-BB26-41B4-B7A7-BE07BD2AF907}.Debug|Any CPU.ActiveCfg = Debug|Any CPU
		{51E3A797-BB26-41B4-B7A7-BE07BD2AF907}.Debug|Any CPU.Build.0 = Debug|Any CPU
		{51E3A797-BB26-41B4-B7A7-BE07BD2AF907}.Release|Any CPU.ActiveCfg = Release|Any CPU
		{51E3A797-BB26-41B4-B7A7-BE07BD2AF907}.Release|Any CPU.Build.0 = Release|Any CPU
	EndGlobalSection
	GlobalSection(SolutionProperties) = preSolution
		HideSolutionNode = FALSE
	EndGlobalSection
	GlobalSection(ExtensibilityGlobals) = postSolution
		SolutionGuid = {CD1F3E94-6250-4E3F-B03A-45D02EB5D2A8}
	EndGlobalSection
EndGlobal
